<?xml version="1.0" encoding="utf-8"?>
<Project ToolsVersion="4.0" xmlns="http://schemas.microsoft.com/developer/msbuild/2003">
  <ItemGroup>
    <Filter Include="Source Files">
      <UniqueIdentifier>{4FC737F1-C7A5-4376-A066-2A32D752A2FF}</UniqueIdentifier>
      <Extensions>cpp;c;cc;cxx;def;odl;idl;hpj;bat;asm;asmx</Extensions>
    </Filter>
    <Filter Include="Header Files">
      <UniqueIdentifier>{93995380-89BD-4b04-88EB-625FBE52EBFB}</UniqueIdentifier>
      <Extensions>h;hh;hpp;hxx;hm;inl;inc;ipp;xsd</Extensions>
    </Filter>
    <Filter Include="Resource Files">
      <UniqueIdentifier>{67DA6AB6-F800-4c08-8B7A-83BB121AAD01}</UniqueIdentifier>
      <Extensions>rc;ico;cur;bmp;dlg;rc2;rct;bin;rgs;gif;jpg;jpeg;jpe;resx;tiff;tif;png;wav;mfcribbon-ms</Extensions>
    </Filter>
    <Filter Include="Shared">
      <UniqueIdentifier>{f6df96da-85b1-4e24-9fd6-cc034a054cc5}</UniqueIdentifier>
    </Filter>
    <Filter Include="Shared\Network">
      <UniqueIdentifier>{6668bc2e-d3ba-47df-947a-78be52d340ef}</UniqueIdentifier>
    </Filter>
    <Filter Include="Shared\proto">
      <UniqueIdentifier>{e8e346af-7d13-4324-9655-3bc634532a17}</UniqueIdentifier>
    </Filter>
    <Filter Include="Shared\Utility">
      <UniqueIdentifier>{3d41e2ac-2279-414c-971a-bedf667dffb7}</UniqueIdentifier>
    </Filter>
    <Filter Include="Shared\Thirdparty">
      <UniqueIdentifier>{275aaa48-428f-4908-83ee-23a07b1b3026}</UniqueIdentifier>
    </Filter>
    <Filter Include="Shared\Thirdparty\tinyxml">
      <UniqueIdentifier>{accabda9-aa32-4a5f-8f47-dc9a284b8a23}</UniqueIdentifier>
    </Filter>
    <Filter Include="Shared\FSM">
      <UniqueIdentifier>{4092af65-06ea-41ca-a442-f233268d7a91}</UniqueIdentifier>
    </Filter>
    <Filter Include="Shared\Network\HttpServer">
      <UniqueIdentifier>{37022df8-f005-41ae-a258-6472f29e2925}</UniqueIdentifier>
    </Filter>
    <Filter Include="Shared\Thirdparty\jsoncpp">
      <UniqueIdentifier>{c09385b9-26eb-4a15-8a30-4dbbb3fb6b58}</UniqueIdentifier>
    </Filter>
  </ItemGroup>
  <ItemGroup>
    <ClCompile Include="..\..\Shared\src\Network\TcpServerBase.cpp">
      <Filter>Shared\Network</Filter>
    </ClCompile>
    <ClCompile Include="..\..\Shared\src\Network\TcpClientBase.cpp">
      <Filter>Shared\Network</Filter>
    </ClCompile>
    <ClCompile Include="..\..\Shared\proto\BaseCmd.pb.cc">
      <Filter>Shared\proto</Filter>
    </ClCompile>
    <ClCompile Include="..\..\Shared\src\Utility\XmlLoader.cpp">
      <Filter>Shared\Utility</Filter>
    </ClCompile>
    <ClCompile Include="..\..\Shared\src\Utility\CommonFunc.cpp">
      <Filter>Shared\Utility</Filter>
    </ClCompile>
    <ClCompile Include="..\..\Shared\thirdparty\tinyxml\tinyxmlparser.cpp">
      <Filter>Shared\Thirdparty\tinyxml</Filter>
    </ClCompile>
    <ClCompile Include="..\..\Shared\thirdparty\tinyxml\tinyxmlerror.cpp">
      <Filter>Shared\Thirdparty\tinyxml</Filter>
    </ClCompile>
    <ClCompile Include="..\..\Shared\thirdparty\tinyxml\tinyxml.cpp">
      <Filter>Shared\Thirdparty\tinyxml</Filter>
    </ClCompile>
    <ClCompile Include="..\..\Shared\thirdparty\tinyxml\tinystr.cpp">
      <Filter>Shared\Thirdparty\tinyxml</Filter>
    </ClCompile>
    <ClCompile Include="..\..\Shared\src\Network\MessageSerializer.cpp">
      <Filter>Shared\Network</Filter>
    </ClCompile>
    <ClCompile Include="..\..\Shared\src\Network\BaseMessageDispatcher.cpp">
      <Filter>Shared\Network</Filter>
    </ClCompile>
    <ClCompile Include="..\..\Shared\src\Network\TcpSocketContainer.cpp">
      <Filter>Shared\Network</Filter>
    </ClCompile>
    <ClCompile Include="LocalServerDispatcher.cpp">
      <Filter>Source Files</Filter>
    </ClCompile>
    <ClCompile Include="LocalTcpServer.cpp">
      <Filter>Source Files</Filter>
    </ClCompile>
    <ClCompile Include="LoginProcessor.cpp">
      <Filter>Source Files</Filter>
    </ClCompile>
    <ClCompile Include="main.cpp">
      <Filter>Source Files</Filter>
    </ClCompile>
    <ClCompile Include="LocalServerHeadRuleRouter.cpp">
      <Filter>Source Files</Filter>
    </ClCompile>
    <ClCompile Include="HeartBeatProcessor.cpp">
      <Filter>Source Files</Filter>
    </ClCompile>
    <ClCompile Include="..\..\Shared\src\Network\UdpSocketBase.cpp">
      <Filter>Shared\Network</Filter>
    </ClCompile>
    <ClCompile Include="LocalServerUdpProcessor.cpp">
      <Filter>Source Files</Filter>
    </ClCompile>
    <ClCompile Include="LocalServerUdpDispatcher.cpp">
      <Filter>Source Files</Filter>
    </ClCompile>
    <ClCompile Include="..\..\Shared\src\Network\BaseSocketContainer.cpp">
      <Filter>Shared\Network</Filter>
    </ClCompile>
    <ClCompile Include="..\..\Shared\src\Network\HttpServer.cpp">
      <Filter>Shared\Network</Filter>
    </ClCompile>
    <ClCompile Include="..\..\Shared\src\Network\HttpServer\connection.cpp">
      <Filter>Shared\Network\HttpServer</Filter>
    </ClCompile>
    <ClCompile Include="..\..\Shared\src\Network\HttpServer\connection_manager.cpp">
      <Filter>Shared\Network\HttpServer</Filter>
    </ClCompile>
    <ClCompile Include="..\..\Shared\src\Network\HttpServer\http_server.cpp">
      <Filter>Shared\Network\HttpServer</Filter>
    </ClCompile>
    <ClCompile Include="..\..\Shared\src\Network\HttpServer\mime_types.cpp">
      <Filter>Shared\Network\HttpServer</Filter>
    </ClCompile>
    <ClCompile Include="..\..\Shared\src\Network\HttpServer\reply.cpp">
      <Filter>Shared\Network\HttpServer</Filter>
    </ClCompile>
    <ClCompile Include="..\..\Shared\src\Network\HttpServer\request_handler.cpp">
      <Filter>Shared\Network\HttpServer</Filter>
    </ClCompile>
    <ClCompile Include="..\..\Shared\src\Network\HttpServer\request_parser.cpp">
      <Filter>Shared\Network\HttpServer</Filter>
    </ClCompile>
    <ClCompile Include="..\..\Shared\thirdparty\jsoncpp\src\json_reader.cpp">
      <Filter>Shared\Thirdparty\jsoncpp</Filter>
    </ClCompile>
    <ClCompile Include="..\..\Shared\thirdparty\jsoncpp\src\json_value.cpp">
      <Filter>Shared\Thirdparty\jsoncpp</Filter>
    </ClCompile>
    <ClCompile Include="..\..\Shared\thirdparty\jsoncpp\src\json_writer.cpp">
      <Filter>Shared\Thirdparty\jsoncpp</Filter>
    </ClCompile>
  </ItemGroup>
  <ItemGroup>
    <ClInclude Include="..\..\Shared\src\Network\TcpServerBase.h">
      <Filter>Shared\Network</Filter>
    </ClInclude>
    <ClInclude Include="..\..\Shared\src\Network\TcpClientBase.h">
      <Filter>Shared\Network</Filter>
    </ClInclude>
    <ClInclude Include="..\..\Shared\proto\BaseCmd.pb.h">
      <Filter>Shared\proto</Filter>
    </ClInclude>
    <ClInclude Include="..\..\Shared\src\Utility\XmlLoader.h">
      <Filter>Shared\Utility</Filter>
    </ClInclude>
    <ClInclude Include="..\..\Shared\src\Utility\DDRMacro.h">
      <Filter>Shared\Utility</Filter>
    </ClInclude>
    <ClInclude Include="..\..\Shared\src\Utility\CommonFunc.h">
      <Filter>Shared\Utility</Filter>
    </ClInclude>
    <ClInclude Include="..\..\Shared\thirdparty\tinyxml\tinyxml.h">
      <Filter>Shared\Thirdparty\tinyxml</Filter>
    </ClInclude>
    <ClInclude Include="..\..\Shared\thirdparty\tinyxml\tinystr.h">
      <Filter>Shared\Thirdparty\tinyxml</Filter>
    </ClInclude>
    <ClInclude Include="..\..\Shared\src\Network\MessageSerializer.h">
      <Filter>Shared\Network</Filter>
    </ClInclude>
    <ClInclude Include="..\..\Shared\src\FSM\FSM.h">
      <Filter>Shared\FSM</Filter>
    </ClInclude>
    <ClInclude Include="..\..\Shared\src\Network\Singleton.h">
      <Filter>Shared\Network</Filter>
    </ClInclude>
    <ClInclude Include="..\..\Shared\src\Network\BaseProcessor.h">
      <Filter>Shared\Network</Filter>
    </ClInclude>
    <ClInclude Include="..\..\Shared\src\Network\BaseMessageDispatcher.h">
      <Filter>Shared\Network</Filter>
    </ClInclude>
    <ClInclude Include="..\..\Shared\src\Network\TcpSocketContainer.h">
      <Filter>Shared\Network</Filter>
    </ClInclude>
    <ClInclude Include="LocalServerDispatcher.h">
      <Filter>Header Files</Filter>
    </ClInclude>
    <ClInclude Include="LocalTcpServer.h">
      <Filter>Header Files</Filter>
    </ClInclude>
    <ClInclude Include="LoginProcessor.h">
      <Filter>Header Files</Filter>
    </ClInclude>
    <ClInclude Include="LocalServerHeadRuleRouter.h">
      <Filter>Header Files</Filter>
    </ClInclude>
    <ClInclude Include="HeartBeatProcessor.h">
      <Filter>Header Files</Filter>
    </ClInclude>
    <ClInclude Include="..\..\Shared\src\Network\UdpSocketBase.h">
      <Filter>Shared\Network</Filter>
    </ClInclude>
    <ClInclude Include="LocalServerUdpProcessor.h">
      <Filter>Header Files</Filter>
    </ClInclude>
    <ClInclude Include="LocalServerUdpDispatcher.h">
      <Filter>Header Files</Filter>
    </ClInclude>
    <ClInclude Include="..\..\Shared\src\Network\BaseSocketContainer.h">
      <Filter>Shared\Network</Filter>
    </ClInclude>
    <ClInclude Include="..\..\Shared\src\Network\HttpServer.h">
      <Filter>Shared\Network</Filter>
    </ClInclude>
    <ClInclude Include="..\..\Shared\src\Network\HttpServer\connection.hpp">
      <Filter>Shared\Network\HttpServer</Filter>
    </ClInclude>
    <ClInclude Include="..\..\Shared\src\Network\HttpServer\connection_manager.hpp">
      <Filter>Shared\Network\HttpServer</Filter>
    </ClInclude>
    <ClInclude Include="..\..\Shared\src\Network\HttpServer\header.hpp">
      <Filter>Shared\Network\HttpServer</Filter>
    </ClInclude>
    <ClInclude Include="..\..\Shared\src\Network\HttpServer\http_server.hpp">
      <Filter>Shared\Network\HttpServer</Filter>
    </ClInclude>
    <ClInclude Include="..\..\Shared\src\Network\HttpServer\mime_types.hpp">
      <Filter>Shared\Network\HttpServer</Filter>
    </ClInclude>
    <ClInclude Include="..\..\Shared\src\Network\HttpServer\reply.hpp">
      <Filter>Shared\Network\HttpServer</Filter>
    </ClInclude>
    <ClInclude Include="..\..\Shared\src\Network\HttpServer\request.hpp">
      <Filter>Shared\Network\HttpServer</Filter>
    </ClInclude>
    <ClInclude Include="..\..\Shared\src\Network\HttpServer\request_handler.hpp">
      <Filter>Shared\Network\HttpServer</Filter>
    </ClInclude>
    <ClInclude Include="..\..\Shared\src\Network\HttpServer\request_parser.hpp">
      <Filter>Shared\Network\HttpServer</Filter>
    </ClInclude>
    <ClInclude Include="..\..\Shared\thirdparty\jsoncpp\src\json_tool.h">
      <Filter>Shared\Thirdparty\jsoncpp</Filter>
    </ClInclude>
  </ItemGroup>
  <ItemGroup>
    <None Include="..\..\Shared\thirdparty\jsoncpp\src\json_valueiterator.inl">
      <Filter>Shared\Thirdparty\jsoncpp</Filter>
    </None>
  </ItemGroup>
</Project>